# This file is autogenerated, do not edit; changes may be undone by the next 'dep ensure'.


[[projects]]
  branch = "master"
  digest = "1:51451e8add50c754e91454c8d190d36c50c8db56b4c0b84f326e06e55c799033"
  name = "github.com/mercadolibre/golang-restclient"
  packages = ["rest"]
  pruneopts = "UT"
  revision = "51958130a0a00a604c7412d2eae5cc9d4637cbcc"

[solve-meta]
  analyzer-name = "dep"
  analyzer-version = 1
  input-imports = ["github.com/mercadolibre/golang-restclient/rest"]
  solver-name = "gps-cdcl"
  solver-version = 1
